
Microsoft Visual Studio Solution File, Format Version 12.00
# Visual Studio Version 16
VisualStudioVersion = 16.0.30114.105
MinimumVisualStudioVersion = 10.0.40219.1
Project("{FAE04EC0-301F-11D3-BF4B-00C04F79EFBC}") = "eShopSolution", "eShopSolution.csproj", "{2BD8F382-0259-4074-AFCB-B932E3823378}"
EndProject
Global
	GlobalSection(SolutionConfigurationPlatforms) = preSolution
		Debug|Any CPU = Debug|Any CPU
		Release|Any CPU = Release|Any CPU
	EndGlobalSection
	GlobalSection(ProjectConfigurationPlatforms) = postSolution
		{2BD8F382-0259-4074-AFCB-B932E3823378}.Debug|Any CPU.ActiveCfg = Debug|Any CPU
		{2BD8F382-0259-4074-AFCB-B932E3823378}.Debug|Any CPU.Build.0 = Debug|Any CPU
		{2BD8F382-0259-4074-AFCB-B932E3823378}.Release|Any CPU.ActiveCfg = Release|Any CPU
		{2BD8F382-0259-4074-AFCB-B932E3823378}.Release|Any CPU.Build.0 = Release|Any CPU
	EndGlobalSection
	GlobalSection(SolutionProperties) = preSolution
		HideSolutionNode = FALSE
	EndGlobalSection
	GlobalSection(ExtensibilityGlobals) = postSolution
		SolutionGuid = {EABBDCFB-2C7C-4238-B16B-4C235FCA3B88}
	EndGlobalSection
EndGlobal
